// !$*UTF8*$!
{
	archiveVersion = 1;
	classes = {
	};
	objectVersion = 55;
	objects = {

/* Begin PBXBuildFile section */
		2811F329272F024400A30D60 /* Router.swift in Sources */ = {isa = PBXBuildFile; fileRef = 2811F328272F024400A30D60 /* Router.swift */; };
		2811F32B272F02A700A30D60 /* ModuleBuilder.swift in Sources */ = {isa = PBXBuildFile; fileRef = 2811F32A272F02A700A30D60 /* ModuleBuilder.swift */; };
		2811F32D272F031500A30D60 /* MapPresenter.swift in Sources */ = {isa = PBXBuildFile; fileRef = 2811F32C272F031500A30D60 /* MapPresenter.swift */; };
		2811F32F272F038D00A30D60 /* MapVC + ViewProtocol.swift in Sources */ = {isa = PBXBuildFile; fileRef = 2811F32E272F038D00A30D60 /* MapVC + ViewProtocol.swift */; };
		28343297272EF9F500C44EE6 /* AppDelegate.swift in Sources */ = {isa = PBXBuildFile; fileRef = 28343296272EF9F500C44EE6 /* AppDelegate.swift */; };
		28343299272EF9F500C44EE6 /* SceneDelegate.swift in Sources */ = {isa = PBXBuildFile; fileRef = 28343298272EF9F500C44EE6 /* SceneDelegate.swift */; };
		2834329B272EF9F500C44EE6 /* MapViewController.swift in Sources */ = {isa = PBXBuildFile; fileRef = 2834329A272EF9F500C44EE6 /* MapViewController.swift */; };
		2834329E272EF9F500C44EE6 /* Main.storyboard in Resources */ = {isa = PBXBuildFile; fileRef = 2834329C272EF9F500C44EE6 /* Main.storyboard */; };
		283432A0272EF9F600C44EE6 /* Assets.xcassets in Resources */ = {isa = PBXBuildFile; fileRef = 2834329F272EF9F600C44EE6 /* Assets.xcassets */; };
		283432A3272EF9F600C44EE6 /* LaunchScreen.storyboard in Resources */ = {isa = PBXBuildFile; fileRef = 283432A1272EF9F600C44EE6 /* LaunchScreen.storyboard */; };
		FC37FCE46C4A53173A5AAAEE /* Pods_Test_Agilie.framework in Frameworks */ = {isa = PBXBuildFile; fileRef = E995B8CBEAF29A9D031B2269 /* Pods_Test_Agilie.framework */; };
/* End PBXBuildFile section */

/* Begin PBXFileReference section */
		2811F328272F024400A30D60 /* Router.swift */ = {isa = PBXFileReference; lastKnownFileType = sourcecode.swift; path = Router.swift; sourceTree = "<group>"; };
		2811F32A272F02A700A30D60 /* ModuleBuilder.swift */ = {isa = PBXFileReference; lastKnownFileType = sourcecode.swift; path = ModuleBuilder.swift; sourceTree = "<group>"; };
		2811F32C272F031500A30D60 /* MapPresenter.swift */ = {isa = PBXFileReference; lastKnownFileType = sourcecode.swift; path = MapPresenter.swift; sourceTree = "<group>"; };
		2811F32E272F038D00A30D60 /* MapVC + ViewProtocol.swift */ = {isa = PBXFileReference; lastKnownFileType = sourcecode.swift; path = "MapVC + ViewProtocol.swift"; sourceTree = "<group>"; };
		28343293272EF9F500C44EE6 /* Test-Agilie.app */ = {isa = PBXFileReference; explicitFileType = wrapper.application; includeInIndex = 0; path = "Test-Agilie.app"; sourceTree = BUILT_PRODUCTS_DIR; };
		28343296272EF9F500C44EE6 /* AppDelegate.swift */ = {isa = PBXFileReference; lastKnownFileType = sourcecode.swift; path = AppDelegate.swift; sourceTree = "<group>"; };
		28343298272EF9F500C44EE6 /* SceneDelegate.swift */ = {isa = PBXFileReference; lastKnownFileType = sourcecode.swift; path = SceneDelegate.swift; sourceTree = "<group>"; };
		2834329A272EF9F500C44EE6 /* MapViewController.swift */ = {isa = PBXFileReference; lastKnownFileType = sourcecode.swift; path = MapViewController.swift; sourceTree = "<group>"; };
		2834329D272EF9F500C44EE6 /* Base */ = {isa = PBXFileReference; lastKnownFileType = file.storyboard; name = Base; path = Base.lproj/Main.storyboard; sourceTree = "<group>"; };
		2834329F272EF9F600C44EE6 /* Assets.xcassets */ = {isa = PBXFileReference; lastKnownFileType = folder.assetcatalog; path = Assets.xcassets; sourceTree = "<group>"; };
		283432A2272EF9F600C44EE6 /* Base */ = {isa = PBXFileReference; lastKnownFileType = file.storyboard; name = Base; path = Base.lproj/LaunchScreen.storyboard; sourceTree = "<group>"; };
		283432A4272EF9F600C44EE6 /* Info.plist */ = {isa = PBXFileReference; lastKnownFileType = text.plist.xml; path = Info.plist; sourceTree = "<group>"; };
		8172BD4C01F834663B642F2B /* Pods-Test-Agilie.release.xcconfig */ = {isa = PBXFileReference; includeInIndex = 1; lastKnownFileType = text.xcconfig; name = "Pods-Test-Agilie.release.xcconfig"; path = "Target Support Files/Pods-Test-Agilie/Pods-Test-Agilie.release.xcconfig"; sourceTree = "<group>"; };
		E995B8CBEAF29A9D031B2269 /* Pods_Test_Agilie.framework */ = {isa = PBXFileReference; explicitFileType = wrapper.framework; includeInIndex = 0; path = Pods_Test_Agilie.framework; sourceTree = BUILT_PRODUCTS_DIR; };
		ED763CCA9195E946AACE80D6 /* Pods-Test-Agilie.debug.xcconfig */ = {isa = PBXFileReference; includeInIndex = 1; lastKnownFileType = text.xcconfig; name = "Pods-Test-Agilie.debug.xcconfig"; path = "Target Support Files/Pods-Test-Agilie/Pods-Test-Agilie.debug.xcconfig"; sourceTree = "<group>"; };
/* End PBXFileReference section */

/* Begin PBXFrameworksBuildPhase section */
		28343290272EF9F500C44EE6 /* Frameworks */ = {
			isa = PBXFrameworksBuildPhase;
			buildActionMask = 2147483647;
			files = (
				FC37FCE46C4A53173A5AAAEE /* Pods_Test_Agilie.framework in Frameworks */,
			);
			runOnlyForDeploymentPostprocessing = 0;
		};
/* End PBXFrameworksBuildPhase section */

/* Begin PBXGroup section */
		23847E77BE42FAF6C576419F /* Frameworks */ = {
			isa = PBXGroup;
			children = (
				E995B8CBEAF29A9D031B2269 /* Pods_Test_Agilie.framework */,
			);
			name = Frameworks;
			sourceTree = "<group>";
		};
		2811F320272EFBDB00A30D60 /* Managers */ = {
			isa = PBXGroup;
			children = (
				2811F321272EFBE300A30D60 /* Router */,
				2811F322272EFBEB00A30D60 /* Module builder */,
			);
			path = Managers;
			sourceTree = "<group>";
		};
		2811F321272EFBE300A30D60 /* Router */ = {
			isa = PBXGroup;
			children = (
				2811F328272F024400A30D60 /* Router.swift */,
			);
			path = Router;
			sourceTree = "<group>";
		};
		2811F322272EFBEB00A30D60 /* Module builder */ = {
			isa = PBXGroup;
			children = (
				2811F32A272F02A700A30D60 /* ModuleBuilder.swift */,
			);
			path = "Module builder";
			sourceTree = "<group>";
		};
		2811F323272EFC1100A30D60 /* Source */ = {
			isa = PBXGroup;
			children = (
				2811F324272EFC2500A30D60 /* Map */,
			);
			path = Source;
			sourceTree = "<group>";
		};
		2811F324272EFC2500A30D60 /* Map */ = {
			isa = PBXGroup;
			children = (
				2811F326272F01E200A30D60 /* Model */,
				2811F325272F01DC00A30D60 /* View */,
				2811F327272F01EF00A30D60 /* Presenter */,
			);
			path = Map;
			sourceTree = "<group>";
		};
		2811F325272F01DC00A30D60 /* View */ = {
			isa = PBXGroup;
			children = (
				2834329A272EF9F500C44EE6 /* MapViewController.swift */,
				2811F32E272F038D00A30D60 /* MapVC + ViewProtocol.swift */,
			);
			path = View;
			sourceTree = "<group>";
		};
		2811F326272F01E200A30D60 /* Model */ = {
			isa = PBXGroup;
			children = (
			);
			path = Model;
			sourceTree = "<group>";
		};
		2811F327272F01EF00A30D60 /* Presenter */ = {
			isa = PBXGroup;
			children = (
				2811F32C272F031500A30D60 /* MapPresenter.swift */,
			);
			path = Presenter;
			sourceTree = "<group>";
		};
		2834328A272EF9F500C44EE6 = {
			isa = PBXGroup;
			children = (
				28343295272EF9F500C44EE6 /* Test-Agilie */,
				28343294272EF9F500C44EE6 /* Products */,
				473578E047E1856FA5E45708 /* Pods */,
				23847E77BE42FAF6C576419F /* Frameworks */,
			);
			sourceTree = "<group>";
		};
		28343294272EF9F500C44EE6 /* Products */ = {
			isa = PBXGroup;
			children = (
				28343293272EF9F500C44EE6 /* Test-Agilie.app */,
			);
			name = Products;
			sourceTree = "<group>";
		};
		28343295272EF9F500C44EE6 /* Test-Agilie */ = {
			isa = PBXGroup;
			children = (
				283432AB272EFA2F00C44EE6 /* Application */,
				283432AA272EFA1A00C44EE6 /* Resources */,
				2811F320272EFBDB00A30D60 /* Managers */,
				2811F323272EFC1100A30D60 /* Source */,
			);
			path = "Test-Agilie";
			sourceTree = "<group>";
		};
		283432AA272EFA1A00C44EE6 /* Resources */ = {
			isa = PBXGroup;
			children = (
				2834329F272EF9F600C44EE6 /* Assets.xcassets */,
				283432A4272EF9F600C44EE6 /* Info.plist */,
				2834329C272EF9F500C44EE6 /* Main.storyboard */,
				283432A1272EF9F600C44EE6 /* LaunchScreen.storyboard */,
			);
			path = Resources;
			sourceTree = "<group>";
		};
		283432AB272EFA2F00C44EE6 /* Application */ = {
			isa = PBXGroup;
			children = (
				28343296272EF9F500C44EE6 /* AppDelegate.swift */,
				28343298272EF9F500C44EE6 /* SceneDelegate.swift */,
			);
			path = Application;
			sourceTree = "<group>";
		};
		473578E047E1856FA5E45708 /* Pods */ = {
			isa = PBXGroup;
			children = (
				ED763CCA9195E946AACE80D6 /* Pods-Test-Agilie.debug.xcconfig */,
				8172BD4C01F834663B642F2B /* Pods-Test-Agilie.release.xcconfig */,
			);
			path = Pods;
			sourceTree = "<group>";
		};
/* End PBXGroup section */

/* Begin PBXNativeTarget section */
		28343292272EF9F500C44EE6 /* Test-Agilie */ = {
			isa = PBXNativeTarget;
			buildConfigurationList = 283432A7272EF9F600C44EE6 /* Build configuration list for PBXNativeTarget "Test-Agilie" */;
			buildPhases = (
				AE56E7A04CC7BCCB7509BAD3 /* [CP] Check Pods Manifest.lock */,
				2834328F272EF9F500C44EE6 /* Sources */,
				28343290272EF9F500C44EE6 /* Frameworks */,
				28343291272EF9F500C44EE6 /* Resources */,
				777EF38FDAC4C758C5B0D901 /* [CP] Embed Pods Frameworks */,
			);
			buildRules = (
			);
			dependencies = (
			);
			name = "Test-Agilie";
			productName = "Test-Agilie";
			productReference = 28343293272EF9F500C44EE6 /* Test-Agilie.app */;
			productType = "com.apple.product-type.application";
		};
/* End PBXNativeTarget section */

/* Begin PBXProject section */
		2834328B272EF9F500C44EE6 /* Project object */ = {
			isa = PBXProject;
			attributes = {
				BuildIndependentTargetsInParallel = 1;
				LastSwiftUpdateCheck = 1310;
				LastUpgradeCheck = 1310;
				TargetAttributes = {
					28343292272EF9F500C44EE6 = {
						CreatedOnToolsVersion = 13.1;
					};
				};
			};
			buildConfigurationList = 2834328E272EF9F500C44EE6 /* Build configuration list for PBXProject "Test-Agilie" */;
			compatibilityVersion = "Xcode 13.0";
			developmentRegion = en;
			hasScannedForEncodings = 0;
			knownRegions = (
				en,
				Base,
			);
			mainGroup = 2834328A272EF9F500C44EE6;
			productRefGroup = 28343294272EF9F500C44EE6 /* Products */;
			projectDirPath = "";
			projectRoot = "";
			targets = (
				28343292272EF9F500C44EE6 /* Test-Agilie */,
			);
		};
/* End PBXProject section */

/* Begin PBXResourcesBuildPhase section */
		28343291272EF9F500C44EE6 /* Resources */ = {
			isa = PBXResourcesBuildPhase;
			buildActionMask = 2147483647;
			files = (
				283432A3272EF9F600C44EE6 /* LaunchScreen.storyboard in Resources */,
				283432A0272EF9F600C44EE6 /* Assets.xcassets in Resources */,
				2834329E272EF9F500C44EE6 /* Main.storyboard in Resources */,
			);
			runOnlyForDeploymentPostprocessing = 0;
		};
/* End PBXResourcesBuildPhase section */

/* Begin PBXShellScriptBuildPhase section */
		777EF38FDAC4C758C5B0D901 /* [CP] Embed Pods Frameworks */ = {
			isa = PBXShellScriptBuildPhase;
			buildActionMask = 2147483647;
			files = (
			);
			inputFileListPaths = (
				"${PODS_ROOT}/Target Support Files/Pods-Test-Agilie/Pods-Test-Agilie-frameworks-${CONFIGURATION}-input-files.xcfilelist",
			);
			name = "[CP] Embed Pods Frameworks";
			outputFileListPaths = (
				"${PODS_ROOT}/Target Support Files/Pods-Test-Agilie/Pods-Test-Agilie-frameworks-${CONFIGURATION}-output-files.xcfilelist",
			);
			runOnlyForDeploymentPostprocessing = 0;
			shellPath = /bin/sh;
			shellScript = "\"${PODS_ROOT}/Target Support Files/Pods-Test-Agilie/Pods-Test-Agilie-frameworks.sh\"\n";
			showEnvVarsInLog = 0;
		};
		AE56E7A04CC7BCCB7509BAD3 /* [CP] Check Pods Manifest.lock */ = {
			isa = PBXShellScriptBuildPhase;
			buildActionMask = 2147483647;
			files = (
			);
			inputFileListPaths = (
			);
			inputPaths = (
				"${PODS_PODFILE_DIR_PATH}/Podfile.lock",
				"${PODS_ROOT}/Manifest.lock",
			);
			name = "[CP] Check Pods Manifest.lock";
			outputFileListPaths = (
			);
			outputPaths = (
				"$(DERIVED_FILE_DIR)/Pods-Test-Agilie-checkManifestLockResult.txt",
			);
			runOnlyForDeploymentPostprocessing = 0;
			shellPath = /bin/sh;
			shellScript = "diff \"${PODS_PODFILE_DIR_PATH}/Podfile.lock\" \"${PODS_ROOT}/Manifest.lock\" > /dev/null\nif [ $? != 0 ] ; then\n    # print error to STDERR\n    echo \"error: The sandbox is not in sync with the Podfile.lock. Run 'pod install' or update your CocoaPods installation.\" >&2\n    exit 1\nfi\n# This output is used by Xcode 'outputs' to avoid re-running this script phase.\necho \"SUCCESS\" > \"${SCRIPT_OUTPUT_FILE_0}\"\n";
			showEnvVarsInLog = 0;
		};
/* End PBXShellScriptBuildPhase section */

/* Begin PBXSourcesBuildPhase section */
		2834328F272EF9F500C44EE6 /* Sources */ = {
			isa = PBXSourcesBuildPhase;
			buildActionMask = 2147483647;
			files = (
				2811F329272F024400A30D60 /* Router.swift in Sources */,
				2834329B272EF9F500C44EE6 /* MapViewController.swift in Sources */,
				28343297272EF9F500C44EE6 /* AppDelegate.swift in Sources */,
				2811F32B272F02A700A30D60 /* ModuleBuilder.swift in Sources */,
				2811F32F272F038D00A30D60 /* MapVC + ViewProtocol.swift in Sources */,
				28343299272EF9F500C44EE6 /* SceneDelegate.swift in Sources */,
				2811F32D272F031500A30D60 /* MapPresenter.swift in Sources */,
			);
			runOnlyForDeploymentPostprocessing = 0;
		};
/* End PBXSourcesBuildPhase section */

/* Begin PBXVariantGroup section */
		2834329C272EF9F500C44EE6 /* Main.storyboard */ = {
			isa = PBXVariantGroup;
			children = (
				2834329D272EF9F500C44EE6 /* Base */,
			);
			name = Main.storyboard;
			sourceTree = "<group>";
		};
		283432A1272EF9F600C44EE6 /* LaunchScreen.storyboard */ = {
			isa = PBXVariantGroup;
			children = (
				283432A2272EF9F600C44EE6 /* Base */,
			);
			name = LaunchScreen.storyboard;
			sourceTree = "<group>";
		};
/* End PBXVariantGroup section */

/* Begin XCBuildConfiguration section */
		283432A5272EF9F600C44EE6 /* Debug */ = {
			isa = XCBuildConfiguration;
			buildSettings = {
				ALWAYS_SEARCH_USER_PATHS = NO;
				CLANG_ANALYZER_NONNULL = YES;
				CLANG_ANALYZER_NUMBER_OBJECT_CONVERSION = YES_AGGRESSIVE;
				CLANG_CXX_LANGUAGE_STANDARD = "gnu++17";
				CLANG_CXX_LIBRARY = "libc++";
				CLANG_ENABLE_MODULES = YES;
				CLANG_ENABLE_OBJC_ARC = YES;
				CLANG_ENABLE_OBJC_WEAK = YES;
				CLANG_WARN_BLOCK_CAPTURE_AUTORELEASING = YES;
				CLANG_WARN_BOOL_CONVERSION = YES;
				CLANG_WARN_COMMA = YES;
				CLANG_WARN_CONSTANT_CONVERSION = YES;
				CLANG_WARN_DEPRECATED_OBJC_IMPLEMENTATIONS = YES;
				CLANG_WARN_DIRECT_OBJC_ISA_USAGE = YES_ERROR;
				CLANG_WARN_DOCUMENTATION_COMMENTS = YES;
				CLANG_WARN_EMPTY_BODY = YES;
				CLANG_WARN_ENUM_CONVERSION = YES;
				CLANG_WARN_INFINITE_RECURSION = YES;
				CLANG_WARN_INT_CONVERSION = YES;
				CLANG_WARN_NON_LITERAL_NULL_CONVERSION = YES;
				CLANG_WARN_OBJC_IMPLICIT_RETAIN_SELF = YES;
				CLANG_WARN_OBJC_LITERAL_CONVERSION = YES;
				CLANG_WARN_OBJC_ROOT_CLASS = YES_ERROR;
				CLANG_WARN_QUOTED_INCLUDE_IN_FRAMEWORK_HEADER = YES;
				CLANG_WARN_RANGE_LOOP_ANALYSIS = YES;
				CLANG_WARN_STRICT_PROTOTYPES = YES;
				CLANG_WARN_SUSPICIOUS_MOVE = YES;
				CLANG_WARN_UNGUARDED_AVAILABILITY = YES_AGGRESSIVE;
				CLANG_WARN_UNREACHABLE_CODE = YES;
				CLANG_WARN__DUPLICATE_METHOD_MATCH = YES;
				COPY_PHASE_STRIP = NO;
				DEBUG_INFORMATION_FORMAT = dwarf;
				ENABLE_STRICT_OBJC_MSGSEND = YES;
				ENABLE_TESTABILITY = YES;
				GCC_C_LANGUAGE_STANDARD = gnu11;
				GCC_DYNAMIC_NO_PIC = NO;
				GCC_NO_COMMON_BLOCKS = YES;
				GCC_OPTIMIZATION_LEVEL = 0;
				GCC_PREPROCESSOR_DEFINITIONS = (
					"DEBUG=1",
					"$(inherited)",
				);
				GCC_WARN_64_TO_32_BIT_CONVERSION = YES;
				GCC_WARN_ABOUT_RETURN_TYPE = YES_ERROR;
				GCC_WARN_UNDECLARED_SELECTOR = YES;
				GCC_WARN_UNINITIALIZED_AUTOS = YES_AGGRESSIVE;
				GCC_WARN_UNUSED_FUNCTION = YES;
				GCC_WARN_UNUSED_VARIABLE = YES;
				IPHONEOS_DEPLOYMENT_TARGET = 15.0;
				MTL_ENABLE_DEBUG_INFO = INCLUDE_SOURCE;
				MTL_FAST_MATH = YES;
				ONLY_ACTIVE_ARCH = YES;
				SDKROOT = iphoneos;
				SWIFT_ACTIVE_COMPILATION_CONDITIONS = DEBUG;
				SWIFT_OPTIMIZATION_LEVEL = "-Onone";
			};
			name = Debug;
		};
		283432A6272EF9F600C44EE6 /* Release */ = {
			isa = XCBuildConfiguration;
			buildSettings = {
				ALWAYS_SEARCH_USER_PATHS = NO;
				CLANG_ANALYZER_NONNULL = YES;
				CLANG_ANALYZER_NUMBER_OBJECT_CONVERSION = YES_AGGRESSIVE;
				CLANG_CXX_LANGUAGE_STANDARD = "gnu++17";
				CLANG_CXX_LIBRARY = "libc++";
				CLANG_ENABLE_MODULES = YES;
				CLANG_ENABLE_OBJC_ARC = YES;
				CLANG_ENABLE_OBJC_WEAK = YES;
				CLANG_WARN_BLOCK_CAPTURE_AUTORELEASING = YES;
				CLANG_WARN_BOOL_CONVERSION = YES;
				CLANG_WARN_COMMA = YES;
				CLANG_WARN_CONSTANT_CONVERSION = YES;
				CLANG_WARN_DEPRECATED_OBJC_IMPLEMENTATIONS = YES;
				CLANG_WARN_DIRECT_OBJC_ISA_USAGE = YES_ERROR;
				CLANG_WARN_DOCUMENTATION_COMMENTS = YES;
				CLANG_WARN_EMPTY_BODY = YES;
				CLANG_WARN_ENUM_CONVERSION = YES;
				CLANG_WARN_INFINITE_RECURSION = YES;
				CLANG_WARN_INT_CONVERSION = YES;
				CLANG_WARN_NON_LITERAL_NULL_CONVERSION = YES;
				CLANG_WARN_OBJC_IMPLICIT_RETAIN_SELF = YES;
				CLANG_WARN_OBJC_LITERAL_CONVERSION = YES;
				CLANG_WARN_OBJC_ROOT_CLASS = YES_ERROR;
				CLANG_WARN_QUOTED_INCLUDE_IN_FRAMEWORK_HEADER = YES;
				CLANG_WARN_RANGE_LOOP_ANALYSIS = YES;
				CLANG_WARN_STRICT_PROTOTYPES = YES;
				CLANG_WARN_SUSPICIOUS_MOVE = YES;
				CLANG_WARN_UNGUARDED_AVAILABILITY = YES_AGGRESSIVE;
				CLANG_WARN_UNREACHABLE_CODE = YES;
				CLANG_WARN__DUPLICATE_METHOD_MATCH = YES;
				COPY_PHASE_STRIP = NO;
				DEBUG_INFORMATION_FORMAT = "dwarf-with-dsym";
				ENABLE_NS_ASSERTIONS = NO;
				ENABLE_STRICT_OBJC_MSGSEND = YES;
				GCC_C_LANGUAGE_STANDARD = gnu11;
				GCC_NO_COMMON_BLOCKS = YES;
				GCC_WARN_64_TO_32_BIT_CONVERSION = YES;
				GCC_WARN_ABOUT_RETURN_TYPE = YES_ERROR;
				GCC_WARN_UNDECLARED_SELECTOR = YES;
				GCC_WARN_UNINITIALIZED_AUTOS = YES_AGGRESSIVE;
				GCC_WARN_UNUSED_FUNCTION = YES;
				GCC_WARN_UNUSED_VARIABLE = YES;
				IPHONEOS_DEPLOYMENT_TARGET = 15.0;
				MTL_ENABLE_DEBUG_INFO = NO;
				MTL_FAST_MATH = YES;
				SDKROOT = iphoneos;
				SWIFT_COMPILATION_MODE = wholemodule;
				SWIFT_OPTIMIZATION_LEVEL = "-O";
				VALIDATE_PRODUCT = YES;
			};
			name = Release;
		};
		283432A8272EF9F600C44EE6 /* Debug */ = {
			isa = XCBuildConfiguration;
			baseConfigurationReference = ED763CCA9195E946AACE80D6 /* Pods-Test-Agilie.debug.xcconfig */;
			buildSettings = {
				ASSETCATALOG_COMPILER_APPICON_NAME = AppIcon;
				ASSETCATALOG_COMPILER_GLOBAL_ACCENT_COLOR_NAME = AccentColor;
				CODE_SIGN_STYLE = Automatic;
				CURRENT_PROJECT_VERSION = 1;
				GENERATE_INFOPLIST_FILE = YES;
				INFOPLIST_FILE = "Test-Agilie/Resources/Info.plist";
				INFOPLIST_KEY_CFBundleDisplayName = Agilie;
				INFOPLIST_KEY_UIApplicationSupportsIndirectInputEvents = YES;
				INFOPLIST_KEY_UILaunchStoryboardName = LaunchScreen;
				INFOPLIST_KEY_UIMainStoryboardFile = Main;
				INFOPLIST_KEY_UISupportedInterfaceOrientations_iPad = "UIInterfaceOrientationPortrait UIInterfaceOrientationPortraitUpsideDown UIInterfaceOrientationLandscapeLeft UIInterfaceOrientationLandscapeRight";
				INFOPLIST_KEY_UISupportedInterfaceOrientations_iPhone = "UIInterfaceOrientationPortrait UIInterfaceOrientationLandscapeLeft UIInterfaceOrientationLandscapeRight";
				IPHONEOS_DEPLOYMENT_TARGET = 13.0;
				LD_RUNPATH_SEARCH_PATHS = (
					"$(inherited)",
					"@executable_path/Frameworks",
				);
				MARKETING_VERSION = 1.0;
				PRODUCT_BUNDLE_IDENTIFIER = "com.apptown.Test-Agilie";
				PRODUCT_NAME = "$(TARGET_NAME)";
				SWIFT_EMIT_LOC_STRINGS = YES;
				SWIFT_VERSION = 5.0;
				TARGETED_DEVICE_FAMILY = "1,2";
			};
			name = Debug;
		};
		283432A9272EF9F600C44EE6 /* Release */ = {
			isa = XCBuildConfiguration;
			baseConfigurationReference = 8172BD4C01F834663B642F2B /* Pods-Test-Agilie.release.xcconfig */;
			buildSettings = {
				ASSETCATALOG_COMPILER_APPICON_NAME = AppIcon;
				ASSETCATALOG_COMPILER_GLOBAL_ACCENT_COLOR_NAME = AccentColor;
				CODE_SIGN_STYLE = Automatic;
				CURRENT_PROJECT_VERSION = 1;
				GENERATE_INFOPLIST_FILE = YES;
				INFOPLIST_FILE = "Test-Agilie/Resources/Info.plist";
				INFOPLIST_KEY_CFBundleDisplayName = Agilie;
				INFOPLIST_KEY_UIApplicationSupportsIndirectInputEvents = YES;
				INFOPLIST_KEY_UILaunchStoryboardName = LaunchScreen;
				INFOPLIST_KEY_UIMainStoryboardFile = Main;
				INFOPLIST_KEY_UISupportedInterfaceOrientations_iPad = "UIInterfaceOrientationPortrait UIInterfaceOrientationPortraitUpsideDown UIInterfaceOrientationLandscapeLeft UIInterfaceOrientationLandscapeRight";
				INFOPLIST_KEY_UISupportedInterfaceOrientations_iPhone = "UIInterfaceOrientationPortrait UIInterfaceOrientationLandscapeLeft UIInterfaceOrientationLandscapeRight";
				IPHONEOS_DEPLOYMENT_TARGET = 13.0;
				LD_RUNPATH_SEARCH_PATHS = (
					"$(inherited)",
					"@executable_path/Frameworks",
				);
				MARKETING_VERSION = 1.0;
				PRODUCT_BUNDLE_IDENTIFIER = "com.apptown.Test-Agilie";
				PRODUCT_NAME = "$(TARGET_NAME)";
				SWIFT_EMIT_LOC_STRINGS = YES;
				SWIFT_VERSION = 5.0;
				TARGETED_DEVICE_FAMILY = "1,2";
			};
			name = Release;
		};
/* End XCBuildConfiguration section */

/* Begin XCConfigurationList section */
		2834328E272EF9F500C44EE6 /* Build configuration list for PBXProject "Test-Agilie" */ = {
			isa = XCConfigurationList;
			buildConfigurations = (
				283432A5272EF9F600C44EE6 /* Debug */,
				283432A6272EF9F600C44EE6 /* Release */,
			);
			defaultConfigurationIsVisible = 0;
			defaultConfigurationName = Release;
		};
		283432A7272EF9F600C44EE6 /* Build configuration list for PBXNativeTarget "Test-Agilie" */ = {
			isa = XCConfigurationList;
			buildConfigurations = (
				283432A8272EF9F600C44EE6 /* Debug */,
				283432A9272EF9F600C44EE6 /* Release */,
			);
			defaultConfigurationIsVisible = 0;
			defaultConfigurationName = Release;
		};
/* End XCConfigurationList section */
	};
	rootObject = 2834328B272EF9F500C44EE6 /* Project object */;
}
